
Microsoft Visual Studio Solution File, Format Version 12.00
# Visual Studio Version 17
VisualStudioVersion = 17.14.36203.30 d17.14
MinimumVisualStudioVersion = 10.0.40219.1
Project("{FAE04EC0-301F-11D3-BF4B-00C04F79EFBC}") = "WarGame", "WarGame\WarGame.csproj", "{1FA100CF-CA58-4DDE-89FA-CB5B0DEEDB91}"
EndProject
Global
	GlobalSection(SolutionConfigurationPlatforms) = preSolution
		Debug|Any CPU = Debug|Any CPU
		Release|Any CPU = Release|Any CPU
	EndGlobalSection
	GlobalSection(ProjectConfigurationPlatforms) = postSolution
		{1FA100CF-CA58-4DDE-89FA-CB5B0DEEDB91}.Debug|Any CPU.ActiveCfg = Debug|Any CPU
		{1FA100CF-CA58-4DDE-89FA-CB5B0DEEDB91}.Debug|Any CPU.Build.0 = Debug|Any CPU
		{1FA100CF-CA58-4DDE-89FA-CB5B0DEEDB91}.Release|Any CPU.ActiveCfg = Release|Any CPU
		{1FA100CF-CA58-4DDE-89FA-CB5B0DEEDB91}.Release|Any CPU.Build.0 = Release|Any CPU
	EndGlobalSection
	GlobalSection(SolutionProperties) = preSolution
		HideSolutionNode = FALSE
	EndGlobalSection
	GlobalSection(ExtensibilityGlobals) = postSolution
		SolutionGuid = {636AE577-F30C-42C3-BC1D-4861D0F4F6B3}
	EndGlobalSection
EndGlobal
